// !$*UTF8*$!
{
	archiveVersion = 1;
	classes = {
	};
	objectVersion = 50;
	objects = {

/* Begin PBXBuildFile section */
		BC1A5BD326AF8AB0000CAB26 /* AppDelegate.swift in Sources */ = {isa = PBXBuildFile; fileRef = BC1A5BD226AF8AB0000CAB26 /* AppDelegate.swift */; };
		BC1A5BD526AF8AB0000CAB26 /* SceneDelegate.swift in Sources */ = {isa = PBXBuildFile; fileRef = BC1A5BD426AF8AB0000CAB26 /* SceneDelegate.swift */; };
		BC1A5BD726AF8AB0000CAB26 /* ViewController.swift in Sources */ = {isa = PBXBuildFile; fileRef = BC1A5BD626AF8AB0000CAB26 /* ViewController.swift */; };
		BC1A5BDA26AF8AB0000CAB26 /* Main.storyboard in Resources */ = {isa = PBXBuildFile; fileRef = BC1A5BD826AF8AB0000CAB26 /* Main.storyboard */; };
		BC1A5BDC26AF8ABB000CAB26 /* Assets.xcassets in Resources */ = {isa = PBXBuildFile; fileRef = BC1A5BDB26AF8ABB000CAB26 /* Assets.xcassets */; };
		BC1A5BDF26AF8ABB000CAB26 /* LaunchScreen.storyboard in Resources */ = {isa = PBXBuildFile; fileRef = BC1A5BDD26AF8ABB000CAB26 /* LaunchScreen.storyboard */; };
		BC1A5BED26AF8B12000CAB26 /* Presenter.swift in Sources */ = {isa = PBXBuildFile; fileRef = BC1A5BEC26AF8B12000CAB26 /* Presenter.swift */; };
		BC1A5BF026AF8B62000CAB26 /* User.swift in Sources */ = {isa = PBXBuildFile; fileRef = BC1A5BEF26AF8B62000CAB26 /* User.swift */; };
/* End PBXBuildFile section */

/* Begin PBXFileReference section */
		BC1A5BCF26AF8AB0000CAB26 /* MVPDesignPattern.app */ = {isa = PBXFileReference; explicitFileType = wrapper.application; includeInIndex = 0; path = MVPDesignPattern.app; sourceTree = BUILT_PRODUCTS_DIR; };
		BC1A5BD226AF8AB0000CAB26 /* AppDelegate.swift */ = {isa = PBXFileReference; lastKnownFileType = sourcecode.swift; path = AppDelegate.swift; sourceTree = "<group>"; };
		BC1A5BD426AF8AB0000CAB26 /* SceneDelegate.swift */ = {isa = PBXFileReference; lastKnownFileType = sourcecode.swift; path = SceneDelegate.swift; sourceTree = "<group>"; };
		BC1A5BD626AF8AB0000CAB26 /* ViewController.swift */ = {isa = PBXFileReference; lastKnownFileType = sourcecode.swift; path = ViewController.swift; sourceTree = "<group>"; };
		BC1A5BD926AF8AB0000CAB26 /* Base */ = {isa = PBXFileReference; lastKnownFileType = file.storyboard; name = Base; path = Base.lproj/Main.storyboard; sourceTree = "<group>"; };
		BC1A5BDB26AF8ABB000CAB26 /* Assets.xcassets */ = {isa = PBXFileReference; lastKnownFileType = folder.assetcatalog; path = Assets.xcassets; sourceTree = "<group>"; };
		BC1A5BDE26AF8ABB000CAB26 /* Base */ = {isa = PBXFileReference; lastKnownFileType = file.storyboard; name = Base; path = Base.lproj/LaunchScreen.storyboard; sourceTree = "<group>"; };
		BC1A5BE026AF8ABB000CAB26 /* Info.plist */ = {isa = PBXFileReference; lastKnownFileType = text.plist.xml; path = Info.plist; sourceTree = "<group>"; };
		BC1A5BEC26AF8B12000CAB26 /* Presenter.swift */ = {isa = PBXFileReference; lastKnownFileType = sourcecode.swift; path = Presenter.swift; sourceTree = "<group>"; };
		BC1A5BEF26AF8B62000CAB26 /* User.swift */ = {isa = PBXFileReference; lastKnownFileType = sourcecode.swift; path = User.swift; sourceTree = "<group>"; };
/* End PBXFileReference section */

/* Begin PBXFrameworksBuildPhase section */
		BC1A5BCC26AF8AB0000CAB26 /* Frameworks */ = {
			isa = PBXFrameworksBuildPhase;
			buildActionMask = 2147483647;
			files = (
			);
			runOnlyForDeploymentPostprocessing = 0;
		};
/* End PBXFrameworksBuildPhase section */

/* Begin PBXGroup section */
		BC1A5BC626AF8AB0000CAB26 = {
			isa = PBXGroup;
			children = (
				BC1A5BD126AF8AB0000CAB26 /* MVPDesignPattern */,
				BC1A5BD026AF8AB0000CAB26 /* Products */,
			);
			sourceTree = "<group>";
		};
		BC1A5BD026AF8AB0000CAB26 /* Products */ = {
			isa = PBXGroup;
			children = (
				BC1A5BCF26AF8AB0000CAB26 /* MVPDesignPattern.app */,
			);
			name = Products;
			sourceTree = "<group>";
		};
		BC1A5BD126AF8AB0000CAB26 /* MVPDesignPattern */ = {
			isa = PBXGroup;
			children = (
				BC1A5BE726AF8AD0000CAB26 /* MVP */,
				BC1A5BD226AF8AB0000CAB26 /* AppDelegate.swift */,
				BC1A5BD426AF8AB0000CAB26 /* SceneDelegate.swift */,
				BC1A5BD826AF8AB0000CAB26 /* Main.storyboard */,
				BC1A5BDB26AF8ABB000CAB26 /* Assets.xcassets */,
				BC1A5BDD26AF8ABB000CAB26 /* LaunchScreen.storyboard */,
				BC1A5BE026AF8ABB000CAB26 /* Info.plist */,
			);
			path = MVPDesignPattern;
			sourceTree = "<group>";
		};
		BC1A5BE726AF8AD0000CAB26 /* MVP */ = {
			isa = PBXGroup;
			children = (
				BC1A5BE826AF8AD7000CAB26 /* Model */,
				BC1A5BEB26AF8AE9000CAB26 /* View */,
				BC1A5BEA26AF8AE2000CAB26 /* Presenter */,
			);
			path = MVP;
			sourceTree = "<group>";
		};
		BC1A5BE826AF8AD7000CAB26 /* Model */ = {
			isa = PBXGroup;
			children = (
				BC1A5BEF26AF8B62000CAB26 /* User.swift */,
			);
			name = Model;
			sourceTree = "<group>";
		};
		BC1A5BEA26AF8AE2000CAB26 /* Presenter */ = {
			isa = PBXGroup;
			children = (
				BC1A5BEC26AF8B12000CAB26 /* Presenter.swift */,
			);
			path = Presenter;
			sourceTree = "<group>";
		};
		BC1A5BEB26AF8AE9000CAB26 /* View */ = {
			isa = PBXGroup;
			children = (
				BC1A5BD626AF8AB0000CAB26 /* ViewController.swift */,
			);
			path = View;
			sourceTree = "<group>";
		};
/* End PBXGroup section */

/* Begin PBXNativeTarget section */
		BC1A5BCE26AF8AB0000CAB26 /* MVPDesignPattern */ = {
			isa = PBXNativeTarget;
			buildConfigurationList = BC1A5BE326AF8ABB000CAB26 /* Build configuration list for PBXNativeTarget "MVPDesignPattern" */;
			buildPhases = (
				BC1A5BCB26AF8AB0000CAB26 /* Sources */,
				BC1A5BCC26AF8AB0000CAB26 /* Frameworks */,
				BC1A5BCD26AF8AB0000CAB26 /* Resources */,
			);
			buildRules = (
			);
			dependencies = (
			);
			name = MVPDesignPattern;
			productName = MVPDesignPattern;
			productReference = BC1A5BCF26AF8AB0000CAB26 /* MVPDesignPattern.app */;
			productType = "com.apple.product-type.application";
		};
/* End PBXNativeTarget section */

/* Begin PBXProject section */
		BC1A5BC726AF8AB0000CAB26 /* Project object */ = {
			isa = PBXProject;
			attributes = {
				LastSwiftUpdateCheck = 1240;
				LastUpgradeCheck = 1240;
				TargetAttributes = {
					BC1A5BCE26AF8AB0000CAB26 = {
						CreatedOnToolsVersion = 12.4;
					};
				};
			};
			buildConfigurationList = BC1A5BCA26AF8AB0000CAB26 /* Build configuration list for PBXProject "MVPDesignPattern" */;
			compatibilityVersion = "Xcode 9.3";
			developmentRegion = en;
			hasScannedForEncodings = 0;
			knownRegions = (
				en,
				Base,
			);
			mainGroup = BC1A5BC626AF8AB0000CAB26;
			productRefGroup = BC1A5BD026AF8AB0000CAB26 /* Products */;
			projectDirPath = "";
			projectRoot = "";
			targets = (
				BC1A5BCE26AF8AB0000CAB26 /* MVPDesignPattern */,
			);
		};
/* End PBXProject section */

/* Begin PBXResourcesBuildPhase section */
		BC1A5BCD26AF8AB0000CAB26 /* Resources */ = {
			isa = PBXResourcesBuildPhase;
			buildActionMask = 2147483647;
			files = (
				BC1A5BDF26AF8ABB000CAB26 /* LaunchScreen.storyboard in Resources */,
				BC1A5BDC26AF8ABB000CAB26 /* Assets.xcassets in Resources */,
				BC1A5BDA26AF8AB0000CAB26 /* Main.storyboard in Resources */,
			);
			runOnlyForDeploymentPostprocessing = 0;
		};
/* End PBXResourcesBuildPhase section */

/* Begin PBXSourcesBuildPhase section */
		BC1A5BCB26AF8AB0000CAB26 /* Sources */ = {
			isa = PBXSourcesBuildPhase;
			buildActionMask = 2147483647;
			files = (
				BC1A5BD726AF8AB0000CAB26 /* ViewController.swift in Sources */,
				BC1A5BD326AF8AB0000CAB26 /* AppDelegate.swift in Sources */,
				BC1A5BED26AF8B12000CAB26 /* Presenter.swift in Sources */,
				BC1A5BF026AF8B62000CAB26 /* User.swift in Sources */,
				BC1A5BD526AF8AB0000CAB26 /* SceneDelegate.swift in Sources */,
			);
			runOnlyForDeploymentPostprocessing = 0;
		};
/* End PBXSourcesBuildPhase section */

/* Begin PBXVariantGroup section */
		BC1A5BD826AF8AB0000CAB26 /* Main.storyboard */ = {
			isa = PBXVariantGroup;
			children = (
				BC1A5BD926AF8AB0000CAB26 /* Base */,
			);
			name = Main.storyboard;
			sourceTree = "<group>";
		};
		BC1A5BDD26AF8ABB000CAB26 /* LaunchScreen.storyboard */ = {
			isa = PBXVariantGroup;
			children = (
				BC1A5BDE26AF8ABB000CAB26 /* Base */,
			);
			name = LaunchScreen.storyboard;
			sourceTree = "<group>";
		};
/* End PBXVariantGroup section */

/* Begin XCBuildConfiguration section */
		BC1A5BE126AF8ABB000CAB26 /* Debug */ = {
			isa = XCBuildConfiguration;
			buildSettings = {
				ALWAYS_SEARCH_USER_PATHS = NO;
				CLANG_ANALYZER_NONNULL = YES;
				CLANG_ANALYZER_NUMBER_OBJECT_CONVERSION = YES_AGGRESSIVE;
				CLANG_CXX_LANGUAGE_STANDARD = "gnu++14";
				CLANG_CXX_LIBRARY = "libc++";
				CLANG_ENABLE_MODULES = YES;
				CLANG_ENABLE_OBJC_ARC = YES;
				CLANG_ENABLE_OBJC_WEAK = YES;
				CLANG_WARN_BLOCK_CAPTURE_AUTORELEASING = YES;
				CLANG_WARN_BOOL_CONVERSION = YES;
				CLANG_WARN_COMMA = YES;
				CLANG_WARN_CONSTANT_CONVERSION = YES;
				CLANG_WARN_DEPRECATED_OBJC_IMPLEMENTATIONS = YES;
				CLANG_WARN_DIRECT_OBJC_ISA_USAGE = YES_ERROR;
				CLANG_WARN_DOCUMENTATION_COMMENTS = YES;
				CLANG_WARN_EMPTY_BODY = YES;
				CLANG_WARN_ENUM_CONVERSION = YES;
				CLANG_WARN_INFINITE_RECURSION = YES;
				CLANG_WARN_INT_CONVERSION = YES;
				CLANG_WARN_NON_LITERAL_NULL_CONVERSION = YES;
				CLANG_WARN_OBJC_IMPLICIT_RETAIN_SELF = YES;
				CLANG_WARN_OBJC_LITERAL_CONVERSION = YES;
				CLANG_WARN_OBJC_ROOT_CLASS = YES_ERROR;
				CLANG_WARN_QUOTED_INCLUDE_IN_FRAMEWORK_HEADER = YES;
				CLANG_WARN_RANGE_LOOP_ANALYSIS = YES;
				CLANG_WARN_STRICT_PROTOTYPES = YES;
				CLANG_WARN_SUSPICIOUS_MOVE = YES;
				CLANG_WARN_UNGUARDED_AVAILABILITY = YES_AGGRESSIVE;
				CLANG_WARN_UNREACHABLE_CODE = YES;
				CLANG_WARN__DUPLICATE_METHOD_MATCH = YES;
				COPY_PHASE_STRIP = NO;
				DEBUG_INFORMATION_FORMAT = dwarf;
				ENABLE_STRICT_OBJC_MSGSEND = YES;
				ENABLE_TESTABILITY = YES;
				GCC_C_LANGUAGE_STANDARD = gnu11;
				GCC_DYNAMIC_NO_PIC = NO;
				GCC_NO_COMMON_BLOCKS = YES;
				GCC_OPTIMIZATION_LEVEL = 0;
				GCC_PREPROCESSOR_DEFINITIONS = (
					"DEBUG=1",
					"$(inherited)",
				);
				GCC_WARN_64_TO_32_BIT_CONVERSION = YES;
				GCC_WARN_ABOUT_RETURN_TYPE = YES_ERROR;
				GCC_WARN_UNDECLARED_SELECTOR = YES;
				GCC_WARN_UNINITIALIZED_AUTOS = YES_AGGRESSIVE;
				GCC_WARN_UNUSED_FUNCTION = YES;
				GCC_WARN_UNUSED_VARIABLE = YES;
				IPHONEOS_DEPLOYMENT_TARGET = 14.4;
				MTL_ENABLE_DEBUG_INFO = INCLUDE_SOURCE;
				MTL_FAST_MATH = YES;
				ONLY_ACTIVE_ARCH = YES;
				SDKROOT = iphoneos;
				SWIFT_ACTIVE_COMPILATION_CONDITIONS = DEBUG;
				SWIFT_OPTIMIZATION_LEVEL = "-Onone";
			};
			name = Debug;
		};
		BC1A5BE226AF8ABB000CAB26 /* Release */ = {
			isa = XCBuildConfiguration;
			buildSettings = {
				ALWAYS_SEARCH_USER_PATHS = NO;
				CLANG_ANALYZER_NONNULL = YES;
				CLANG_ANALYZER_NUMBER_OBJECT_CONVERSION = YES_AGGRESSIVE;
				CLANG_CXX_LANGUAGE_STANDARD = "gnu++14";
				CLANG_CXX_LIBRARY = "libc++";
				CLANG_ENABLE_MODULES = YES;
				CLANG_ENABLE_OBJC_ARC = YES;
				CLANG_ENABLE_OBJC_WEAK = YES;
				CLANG_WARN_BLOCK_CAPTURE_AUTORELEASING = YES;
				CLANG_WARN_BOOL_CONVERSION = YES;
				CLANG_WARN_COMMA = YES;
				CLANG_WARN_CONSTANT_CONVERSION = YES;
				CLANG_WARN_DEPRECATED_OBJC_IMPLEMENTATIONS = YES;
				CLANG_WARN_DIRECT_OBJC_ISA_USAGE = YES_ERROR;
				CLANG_WARN_DOCUMENTATION_COMMENTS = YES;
				CLANG_WARN_EMPTY_BODY = YES;
				CLANG_WARN_ENUM_CONVERSION = YES;
				CLANG_WARN_INFINITE_RECURSION = YES;
				CLANG_WARN_INT_CONVERSION = YES;
				CLANG_WARN_NON_LITERAL_NULL_CONVERSION = YES;
				CLANG_WARN_OBJC_IMPLICIT_RETAIN_SELF = YES;
				CLANG_WARN_OBJC_LITERAL_CONVERSION = YES;
				CLANG_WARN_OBJC_ROOT_CLASS = YES_ERROR;
				CLANG_WARN_QUOTED_INCLUDE_IN_FRAMEWORK_HEADER = YES;
				CLANG_WARN_RANGE_LOOP_ANALYSIS = YES;
				CLANG_WARN_STRICT_PROTOTYPES = YES;
				CLANG_WARN_SUSPICIOUS_MOVE = YES;
				CLANG_WARN_UNGUARDED_AVAILABILITY = YES_AGGRESSIVE;
				CLANG_WARN_UNREACHABLE_CODE = YES;
				CLANG_WARN__DUPLICATE_METHOD_MATCH = YES;
				COPY_PHASE_STRIP = NO;
				DEBUG_INFORMATION_FORMAT = "dwarf-with-dsym";
				ENABLE_NS_ASSERTIONS = NO;
				ENABLE_STRICT_OBJC_MSGSEND = YES;
				GCC_C_LANGUAGE_STANDARD = gnu11;
				GCC_NO_COMMON_BLOCKS = YES;
				GCC_WARN_64_TO_32_BIT_CONVERSION = YES;
				GCC_WARN_ABOUT_RETURN_TYPE = YES_ERROR;
				GCC_WARN_UNDECLARED_SELECTOR = YES;
				GCC_WARN_UNINITIALIZED_AUTOS = YES_AGGRESSIVE;
				GCC_WARN_UNUSED_FUNCTION = YES;
				GCC_WARN_UNUSED_VARIABLE = YES;
				IPHONEOS_DEPLOYMENT_TARGET = 14.4;
				MTL_ENABLE_DEBUG_INFO = NO;
				MTL_FAST_MATH = YES;
				SDKROOT = iphoneos;
				SWIFT_COMPILATION_MODE = wholemodule;
				SWIFT_OPTIMIZATION_LEVEL = "-O";
				VALIDATE_PRODUCT = YES;
			};
			name = Release;
		};
		BC1A5BE426AF8ABB000CAB26 /* Debug */ = {
			isa = XCBuildConfiguration;
			buildSettings = {
				ASSETCATALOG_COMPILER_APPICON_NAME = AppIcon;
				ASSETCATALOG_COMPILER_GLOBAL_ACCENT_COLOR_NAME = AccentColor;
				CODE_SIGN_STYLE = Automatic;
				DEVELOPMENT_TEAM = 25XCUFMQUU;
				INFOPLIST_FILE = MVPDesignPattern/Info.plist;
				LD_RUNPATH_SEARCH_PATHS = (
					"$(inherited)",
					"@executable_path/Frameworks",
				);
				PRODUCT_BUNDLE_IDENTIFIER = com.alexandrecardoso.MVPDesignPattern;
				PRODUCT_NAME = "$(TARGET_NAME)";
				SWIFT_VERSION = 5.0;
				TARGETED_DEVICE_FAMILY = "1,2";
			};
			name = Debug;
		};
		BC1A5BE526AF8ABB000CAB26 /* Release */ = {
			isa = XCBuildConfiguration;
			buildSettings = {
				ASSETCATALOG_COMPILER_APPICON_NAME = AppIcon;
				ASSETCATALOG_COMPILER_GLOBAL_ACCENT_COLOR_NAME = AccentColor;
				CODE_SIGN_STYLE = Automatic;
				DEVELOPMENT_TEAM = 25XCUFMQUU;
				INFOPLIST_FILE = MVPDesignPattern/Info.plist;
				LD_RUNPATH_SEARCH_PATHS = (
					"$(inherited)",
					"@executable_path/Frameworks",
				);
				PRODUCT_BUNDLE_IDENTIFIER = com.alexandrecardoso.MVPDesignPattern;
				PRODUCT_NAME = "$(TARGET_NAME)";
				SWIFT_VERSION = 5.0;
				TARGETED_DEVICE_FAMILY = "1,2";
			};
			name = Release;
		};
/* End XCBuildConfiguration section */

/* Begin XCConfigurationList section */
		BC1A5BCA26AF8AB0000CAB26 /* Build configuration list for PBXProject "MVPDesignPattern" */ = {
			isa = XCConfigurationList;
			buildConfigurations = (
				BC1A5BE126AF8ABB000CAB26 /* Debug */,
				BC1A5BE226AF8ABB000CAB26 /* Release */,
			);
			defaultConfigurationIsVisible = 0;
			defaultConfigurationName = Release;
		};
		BC1A5BE326AF8ABB000CAB26 /* Build configuration list for PBXNativeTarget "MVPDesignPattern" */ = {
			isa = XCConfigurationList;
			buildConfigurations = (
				BC1A5BE426AF8ABB000CAB26 /* Debug */,
				BC1A5BE526AF8ABB000CAB26 /* Release */,
			);
			defaultConfigurationIsVisible = 0;
			defaultConfigurationName = Release;
		};
/* End XCConfigurationList section */
	};
	rootObject = BC1A5BC726AF8AB0000CAB26 /* Project object */;
}
